// !$*UTF8*$!
{
	archiveVersion = 1;
	classes = {
	};
	objectVersion = 52;
	objects = {

/* Begin PBXBuildFile section */
		040C712D2761EC2500650343 /* BluetoothViewController.swift in Sources */ = {isa = PBXBuildFile; fileRef = 040C712C2761EC2500650343 /* BluetoothViewController.swift */; };
		04726E20276340C800F67A2B /* LocalNotificationViewController.swift in Sources */ = {isa = PBXBuildFile; fileRef = 04726E1F276340C800F67A2B /* LocalNotificationViewController.swift */; };
		0479D5D726EF8A9F008C71AF /* MicrophoneViewController.swift in Sources */ = {isa = PBXBuildFile; fileRef = 0479D5D626EF8A9F008C71AF /* MicrophoneViewController.swift */; };
		048D5C1C2756331200158B54 /* FaceIdViewController.swift in Sources */ = {isa = PBXBuildFile; fileRef = 048D5C1B2756331200158B54 /* FaceIdViewController.swift */; };
		048D5C1F275640AC00158B54 /* ContactListViewController.swift in Sources */ = {isa = PBXBuildFile; fileRef = 048D5C1E275640AC00158B54 /* ContactListViewController.swift */; };
		04A1CCA02757AE6B000FB67E /* NfcReaderViewController.swift in Sources */ = {isa = PBXBuildFile; fileRef = 04A1CC9F2757AE6B000FB67E /* NfcReaderViewController.swift */; };
		04A1CCA42757C701000FB67E /* MotionDataViewController.swift in Sources */ = {isa = PBXBuildFile; fileRef = 04A1CCA32757C701000FB67E /* MotionDataViewController.swift */; };
		04A55E0A2761DE500007F629 /* InstantSearchVoiceOverlay in Frameworks */ = {isa = PBXBuildFile; productRef = 04A55E092761DE500007F629 /* InstantSearchVoiceOverlay */; };
		04CEEE9D26E908C0005C4E6A /* AppDelegate.swift in Sources */ = {isa = PBXBuildFile; fileRef = 04CEEE9C26E908C0005C4E6A /* AppDelegate.swift */; };
		04CEEE9F26E908C0005C4E6A /* SceneDelegate.swift in Sources */ = {isa = PBXBuildFile; fileRef = 04CEEE9E26E908C0005C4E6A /* SceneDelegate.swift */; };
		04CEEEA126E908C0005C4E6A /* ViewController.swift in Sources */ = {isa = PBXBuildFile; fileRef = 04CEEEA026E908C0005C4E6A /* ViewController.swift */; };
		04CEEEA426E908C0005C4E6A /* Main.storyboard in Resources */ = {isa = PBXBuildFile; fileRef = 04CEEEA226E908C0005C4E6A /* Main.storyboard */; };
		04CEEEA626E908C3005C4E6A /* Assets.xcassets in Resources */ = {isa = PBXBuildFile; fileRef = 04CEEEA526E908C3005C4E6A /* Assets.xcassets */; };
		04CEEEA926E908C3005C4E6A /* LaunchScreen.storyboard in Resources */ = {isa = PBXBuildFile; fileRef = 04CEEEA726E908C3005C4E6A /* LaunchScreen.storyboard */; };
		04CEEEB226E91E69005C4E6A /* CameraAccessViewController.swift in Sources */ = {isa = PBXBuildFile; fileRef = 04CEEEB126E91E68005C4E6A /* CameraAccessViewController.swift */; };
		04DAD79326EBAAE500FA8D43 /* GeoLocationViewController.swift in Sources */ = {isa = PBXBuildFile; fileRef = 04DAD79226EBAAE500FA8D43 /* GeoLocationViewController.swift */; };
		04DAD79626EBAE0100FA8D43 /* LocationManageer.swift in Sources */ = {isa = PBXBuildFile; fileRef = 04DAD79526EBAE0100FA8D43 /* LocationManageer.swift */; };
/* End PBXBuildFile section */

/* Begin PBXFileReference section */
		040C712C2761EC2500650343 /* BluetoothViewController.swift */ = {isa = PBXFileReference; lastKnownFileType = sourcecode.swift; path = BluetoothViewController.swift; sourceTree = "<group>"; };
		04726E1F276340C800F67A2B /* LocalNotificationViewController.swift */ = {isa = PBXFileReference; lastKnownFileType = sourcecode.swift; path = LocalNotificationViewController.swift; sourceTree = "<group>"; };
		0479D5D626EF8A9F008C71AF /* MicrophoneViewController.swift */ = {isa = PBXFileReference; lastKnownFileType = sourcecode.swift; path = MicrophoneViewController.swift; sourceTree = "<group>"; };
		048D5C1B2756331200158B54 /* FaceIdViewController.swift */ = {isa = PBXFileReference; lastKnownFileType = sourcecode.swift; path = FaceIdViewController.swift; sourceTree = "<group>"; };
		048D5C1E275640AC00158B54 /* ContactListViewController.swift */ = {isa = PBXFileReference; lastKnownFileType = sourcecode.swift; path = ContactListViewController.swift; sourceTree = "<group>"; };
		04A1CC9F2757AE6B000FB67E /* NfcReaderViewController.swift */ = {isa = PBXFileReference; lastKnownFileType = sourcecode.swift; path = NfcReaderViewController.swift; sourceTree = "<group>"; };
		04A1CCA32757C701000FB67E /* MotionDataViewController.swift */ = {isa = PBXFileReference; lastKnownFileType = sourcecode.swift; path = MotionDataViewController.swift; sourceTree = "<group>"; };
		04CEEE9926E908C0005C4E6A /* RPL_Features_IOS_Native.app */ = {isa = PBXFileReference; explicitFileType = wrapper.application; includeInIndex = 0; path = RPL_Features_IOS_Native.app; sourceTree = BUILT_PRODUCTS_DIR; };
		04CEEE9C26E908C0005C4E6A /* AppDelegate.swift */ = {isa = PBXFileReference; lastKnownFileType = sourcecode.swift; path = AppDelegate.swift; sourceTree = "<group>"; };
		04CEEE9E26E908C0005C4E6A /* SceneDelegate.swift */ = {isa = PBXFileReference; lastKnownFileType = sourcecode.swift; path = SceneDelegate.swift; sourceTree = "<group>"; };
		04CEEEA026E908C0005C4E6A /* ViewController.swift */ = {isa = PBXFileReference; lastKnownFileType = sourcecode.swift; path = ViewController.swift; sourceTree = "<group>"; };
		04CEEEA326E908C0005C4E6A /* Base */ = {isa = PBXFileReference; lastKnownFileType = file.storyboard; name = Base; path = Base.lproj/Main.storyboard; sourceTree = "<group>"; };
		04CEEEA526E908C3005C4E6A /* Assets.xcassets */ = {isa = PBXFileReference; lastKnownFileType = folder.assetcatalog; path = Assets.xcassets; sourceTree = "<group>"; };
		04CEEEA826E908C3005C4E6A /* Base */ = {isa = PBXFileReference; lastKnownFileType = file.storyboard; name = Base; path = Base.lproj/LaunchScreen.storyboard; sourceTree = "<group>"; };
		04CEEEAA26E908C3005C4E6A /* Info.plist */ = {isa = PBXFileReference; lastKnownFileType = text.plist.xml; path = Info.plist; sourceTree = "<group>"; };
		04CEEEB126E91E68005C4E6A /* CameraAccessViewController.swift */ = {isa = PBXFileReference; lastKnownFileType = sourcecode.swift; path = CameraAccessViewController.swift; sourceTree = "<group>"; };
		04DAD79226EBAAE500FA8D43 /* GeoLocationViewController.swift */ = {isa = PBXFileReference; lastKnownFileType = sourcecode.swift; path = GeoLocationViewController.swift; sourceTree = "<group>"; };
		04DAD79526EBAE0100FA8D43 /* LocationManageer.swift */ = {isa = PBXFileReference; lastKnownFileType = sourcecode.swift; path = LocationManageer.swift; sourceTree = "<group>"; };
/* End PBXFileReference section */

/* Begin PBXFrameworksBuildPhase section */
		04CEEE9626E908C0005C4E6A /* Frameworks */ = {
			isa = PBXFrameworksBuildPhase;
			buildActionMask = 2147483647;
			files = (
				04A55E0A2761DE500007F629 /* InstantSearchVoiceOverlay in Frameworks */,
			);
			runOnlyForDeploymentPostprocessing = 0;
		};
/* End PBXFrameworksBuildPhase section */

/* Begin PBXGroup section */
		04CEEE9026E908C0005C4E6A = {
			isa = PBXGroup;
			children = (
				04CEEE9B26E908C0005C4E6A /* RPL_Features_IOS_Native */,
				04CEEE9A26E908C0005C4E6A /* Products */,
				55A610823EE4249218F044D3 /* Frameworks */,
			);
			sourceTree = "<group>";
		};
		04CEEE9A26E908C0005C4E6A /* Products */ = {
			isa = PBXGroup;
			children = (
				04CEEE9926E908C0005C4E6A /* RPL_Features_IOS_Native.app */,
			);
			name = Products;
			sourceTree = "<group>";
		};
		04CEEE9B26E908C0005C4E6A /* RPL_Features_IOS_Native */ = {
			isa = PBXGroup;
			children = (
				04CEEE9C26E908C0005C4E6A /* AppDelegate.swift */,
				04CEEE9E26E908C0005C4E6A /* SceneDelegate.swift */,
				04CEEEA026E908C0005C4E6A /* ViewController.swift */,
				04CEEEB126E91E68005C4E6A /* CameraAccessViewController.swift */,
				04DAD79226EBAAE500FA8D43 /* GeoLocationViewController.swift */,
				0479D5D626EF8A9F008C71AF /* MicrophoneViewController.swift */,
				04CEEEA226E908C0005C4E6A /* Main.storyboard */,
				04DAD79526EBAE0100FA8D43 /* LocationManageer.swift */,
				04CEEEA526E908C3005C4E6A /* Assets.xcassets */,
				04CEEEA726E908C3005C4E6A /* LaunchScreen.storyboard */,
				048D5C1B2756331200158B54 /* FaceIdViewController.swift */,
				04CEEEAA26E908C3005C4E6A /* Info.plist */,
				048D5C1E275640AC00158B54 /* ContactListViewController.swift */,
				04A1CC9F2757AE6B000FB67E /* NfcReaderViewController.swift */,
				04A1CCA32757C701000FB67E /* MotionDataViewController.swift */,
				040C712C2761EC2500650343 /* BluetoothViewController.swift */,
				04726E1F276340C800F67A2B /* LocalNotificationViewController.swift */,
			);
			path = RPL_Features_IOS_Native;
			sourceTree = "<group>";
		};
		55A610823EE4249218F044D3 /* Frameworks */ = {
			isa = PBXGroup;
			children = (
			);
			name = Frameworks;
			sourceTree = "<group>";
		};
/* End PBXGroup section */

/* Begin PBXNativeTarget section */
		04CEEE9826E908C0005C4E6A /* RPL_Features_IOS_Native */ = {
			isa = PBXNativeTarget;
			buildConfigurationList = 04CEEEAD26E908C3005C4E6A /* Build configuration list for PBXNativeTarget "RPL_Features_IOS_Native" */;
			buildPhases = (
				04CEEE9526E908C0005C4E6A /* Sources */,
				04CEEE9626E908C0005C4E6A /* Frameworks */,
				04CEEE9726E908C0005C4E6A /* Resources */,
			);
			buildRules = (
			);
			dependencies = (
			);
			name = RPL_Features_IOS_Native;
			packageProductDependencies = (
				04A55E092761DE500007F629 /* InstantSearchVoiceOverlay */,
			);
			productName = RPL_Features_IOS_Native;
			productReference = 04CEEE9926E908C0005C4E6A /* RPL_Features_IOS_Native.app */;
			productType = "com.apple.product-type.application";
		};
/* End PBXNativeTarget section */

/* Begin PBXProject section */
		04CEEE9126E908C0005C4E6A /* Project object */ = {
			isa = PBXProject;
			attributes = {
				LastSwiftUpdateCheck = 1240;
				LastUpgradeCheck = 1240;
				TargetAttributes = {
					04CEEE9826E908C0005C4E6A = {
						CreatedOnToolsVersion = 12.4;
					};
				};
			};
			buildConfigurationList = 04CEEE9426E908C0005C4E6A /* Build configuration list for PBXProject "RPL_Features_IOS_Native" */;
			compatibilityVersion = "Xcode 9.3";
			developmentRegion = en;
			hasScannedForEncodings = 0;
			knownRegions = (
				en,
				Base,
			);
			mainGroup = 04CEEE9026E908C0005C4E6A;
			packageReferences = (
				04A55E082761DE500007F629 /* XCRemoteSwiftPackageReference "voice-overlay-ios" */,
			);
			productRefGroup = 04CEEE9A26E908C0005C4E6A /* Products */;
			projectDirPath = "";
			projectRoot = "";
			targets = (
				04CEEE9826E908C0005C4E6A /* RPL_Features_IOS_Native */,
			);
		};
/* End PBXProject section */

/* Begin PBXResourcesBuildPhase section */
		04CEEE9726E908C0005C4E6A /* Resources */ = {
			isa = PBXResourcesBuildPhase;
			buildActionMask = 2147483647;
			files = (
				04CEEEA926E908C3005C4E6A /* LaunchScreen.storyboard in Resources */,
				04CEEEA626E908C3005C4E6A /* Assets.xcassets in Resources */,
				04CEEEA426E908C0005C4E6A /* Main.storyboard in Resources */,
			);
			runOnlyForDeploymentPostprocessing = 0;
		};
/* End PBXResourcesBuildPhase section */

/* Begin PBXSourcesBuildPhase section */
		04CEEE9526E908C0005C4E6A /* Sources */ = {
			isa = PBXSourcesBuildPhase;
			buildActionMask = 2147483647;
			files = (
				048D5C1C2756331200158B54 /* FaceIdViewController.swift in Sources */,
				04CEEEA126E908C0005C4E6A /* ViewController.swift in Sources */,
				048D5C1F275640AC00158B54 /* ContactListViewController.swift in Sources */,
				04DAD79326EBAAE500FA8D43 /* GeoLocationViewController.swift in Sources */,
				04DAD79626EBAE0100FA8D43 /* LocationManageer.swift in Sources */,
				04CEEE9D26E908C0005C4E6A /* AppDelegate.swift in Sources */,
				0479D5D726EF8A9F008C71AF /* MicrophoneViewController.swift in Sources */,
				04A1CCA42757C701000FB67E /* MotionDataViewController.swift in Sources */,
				04A1CCA02757AE6B000FB67E /* NfcReaderViewController.swift in Sources */,
				040C712D2761EC2500650343 /* BluetoothViewController.swift in Sources */,
				04726E20276340C800F67A2B /* LocalNotificationViewController.swift in Sources */,
				04CEEEB226E91E69005C4E6A /* CameraAccessViewController.swift in Sources */,
				04CEEE9F26E908C0005C4E6A /* SceneDelegate.swift in Sources */,
			);
			runOnlyForDeploymentPostprocessing = 0;
		};
/* End PBXSourcesBuildPhase section */

/* Begin PBXVariantGroup section */
		04CEEEA226E908C0005C4E6A /* Main.storyboard */ = {
			isa = PBXVariantGroup;
			children = (
				04CEEEA326E908C0005C4E6A /* Base */,
			);
			name = Main.storyboard;
			sourceTree = "<group>";
		};
		04CEEEA726E908C3005C4E6A /* LaunchScreen.storyboard */ = {
			isa = PBXVariantGroup;
			children = (
				04CEEEA826E908C3005C4E6A /* Base */,
			);
			name = LaunchScreen.storyboard;
			sourceTree = "<group>";
		};
/* End PBXVariantGroup section */

/* Begin XCBuildConfiguration section */
		04CEEEAB26E908C3005C4E6A /* Debug */ = {
			isa = XCBuildConfiguration;
			buildSettings = {
				ALWAYS_SEARCH_USER_PATHS = NO;
				CLANG_ANALYZER_NONNULL = YES;
				CLANG_ANALYZER_NUMBER_OBJECT_CONVERSION = YES_AGGRESSIVE;
				CLANG_CXX_LANGUAGE_STANDARD = "gnu++14";
				CLANG_CXX_LIBRARY = "libc++";
				CLANG_ENABLE_MODULES = YES;
				CLANG_ENABLE_OBJC_ARC = YES;
				CLANG_ENABLE_OBJC_WEAK = YES;
				CLANG_WARN_BLOCK_CAPTURE_AUTORELEASING = YES;
				CLANG_WARN_BOOL_CONVERSION = YES;
				CLANG_WARN_COMMA = YES;
				CLANG_WARN_CONSTANT_CONVERSION = YES;
				CLANG_WARN_DEPRECATED_OBJC_IMPLEMENTATIONS = YES;
				CLANG_WARN_DIRECT_OBJC_ISA_USAGE = YES_ERROR;
				CLANG_WARN_DOCUMENTATION_COMMENTS = YES;
				CLANG_WARN_EMPTY_BODY = YES;
				CLANG_WARN_ENUM_CONVERSION = YES;
				CLANG_WARN_INFINITE_RECURSION = YES;
				CLANG_WARN_INT_CONVERSION = YES;
				CLANG_WARN_NON_LITERAL_NULL_CONVERSION = YES;
				CLANG_WARN_OBJC_IMPLICIT_RETAIN_SELF = YES;
				CLANG_WARN_OBJC_LITERAL_CONVERSION = YES;
				CLANG_WARN_OBJC_ROOT_CLASS = YES_ERROR;
				CLANG_WARN_QUOTED_INCLUDE_IN_FRAMEWORK_HEADER = YES;
				CLANG_WARN_RANGE_LOOP_ANALYSIS = YES;
				CLANG_WARN_STRICT_PROTOTYPES = YES;
				CLANG_WARN_SUSPICIOUS_MOVE = YES;
				CLANG_WARN_UNGUARDED_AVAILABILITY = YES_AGGRESSIVE;
				CLANG_WARN_UNREACHABLE_CODE = YES;
				CLANG_WARN__DUPLICATE_METHOD_MATCH = YES;
				COPY_PHASE_STRIP = NO;
				DEBUG_INFORMATION_FORMAT = dwarf;
				ENABLE_STRICT_OBJC_MSGSEND = YES;
				ENABLE_TESTABILITY = YES;
				GCC_C_LANGUAGE_STANDARD = gnu11;
				GCC_DYNAMIC_NO_PIC = NO;
				GCC_NO_COMMON_BLOCKS = YES;
				GCC_OPTIMIZATION_LEVEL = 0;
				GCC_PREPROCESSOR_DEFINITIONS = (
					"DEBUG=1",
					"$(inherited)",
				);
				GCC_WARN_64_TO_32_BIT_CONVERSION = YES;
				GCC_WARN_ABOUT_RETURN_TYPE = YES_ERROR;
				GCC_WARN_UNDECLARED_SELECTOR = YES;
				GCC_WARN_UNINITIALIZED_AUTOS = YES_AGGRESSIVE;
				GCC_WARN_UNUSED_FUNCTION = YES;
				GCC_WARN_UNUSED_VARIABLE = YES;
				IPHONEOS_DEPLOYMENT_TARGET = 14.4;
				MTL_ENABLE_DEBUG_INFO = INCLUDE_SOURCE;
				MTL_FAST_MATH = YES;
				ONLY_ACTIVE_ARCH = YES;
				SDKROOT = iphoneos;
				SWIFT_ACTIVE_COMPILATION_CONDITIONS = DEBUG;
				SWIFT_OPTIMIZATION_LEVEL = "-Onone";
			};
			name = Debug;
		};
		04CEEEAC26E908C3005C4E6A /* Release */ = {
			isa = XCBuildConfiguration;
			buildSettings = {
				ALWAYS_SEARCH_USER_PATHS = NO;
				CLANG_ANALYZER_NONNULL = YES;
				CLANG_ANALYZER_NUMBER_OBJECT_CONVERSION = YES_AGGRESSIVE;
				CLANG_CXX_LANGUAGE_STANDARD = "gnu++14";
				CLANG_CXX_LIBRARY = "libc++";
				CLANG_ENABLE_MODULES = YES;
				CLANG_ENABLE_OBJC_ARC = YES;
				CLANG_ENABLE_OBJC_WEAK = YES;
				CLANG_WARN_BLOCK_CAPTURE_AUTORELEASING = YES;
				CLANG_WARN_BOOL_CONVERSION = YES;
				CLANG_WARN_COMMA = YES;
				CLANG_WARN_CONSTANT_CONVERSION = YES;
				CLANG_WARN_DEPRECATED_OBJC_IMPLEMENTATIONS = YES;
				CLANG_WARN_DIRECT_OBJC_ISA_USAGE = YES_ERROR;
				CLANG_WARN_DOCUMENTATION_COMMENTS = YES;
				CLANG_WARN_EMPTY_BODY = YES;
				CLANG_WARN_ENUM_CONVERSION = YES;
				CLANG_WARN_INFINITE_RECURSION = YES;
				CLANG_WARN_INT_CONVERSION = YES;
				CLANG_WARN_NON_LITERAL_NULL_CONVERSION = YES;
				CLANG_WARN_OBJC_IMPLICIT_RETAIN_SELF = YES;
				CLANG_WARN_OBJC_LITERAL_CONVERSION = YES;
				CLANG_WARN_OBJC_ROOT_CLASS = YES_ERROR;
				CLANG_WARN_QUOTED_INCLUDE_IN_FRAMEWORK_HEADER = YES;
				CLANG_WARN_RANGE_LOOP_ANALYSIS = YES;
				CLANG_WARN_STRICT_PROTOTYPES = YES;
				CLANG_WARN_SUSPICIOUS_MOVE = YES;
				CLANG_WARN_UNGUARDED_AVAILABILITY = YES_AGGRESSIVE;
				CLANG_WARN_UNREACHABLE_CODE = YES;
				CLANG_WARN__DUPLICATE_METHOD_MATCH = YES;
				COPY_PHASE_STRIP = NO;
				DEBUG_INFORMATION_FORMAT = "dwarf-with-dsym";
				ENABLE_NS_ASSERTIONS = NO;
				ENABLE_STRICT_OBJC_MSGSEND = YES;
				GCC_C_LANGUAGE_STANDARD = gnu11;
				GCC_NO_COMMON_BLOCKS = YES;
				GCC_WARN_64_TO_32_BIT_CONVERSION = YES;
				GCC_WARN_ABOUT_RETURN_TYPE = YES_ERROR;
				GCC_WARN_UNDECLARED_SELECTOR = YES;
				GCC_WARN_UNINITIALIZED_AUTOS = YES_AGGRESSIVE;
				GCC_WARN_UNUSED_FUNCTION = YES;
				GCC_WARN_UNUSED_VARIABLE = YES;
				IPHONEOS_DEPLOYMENT_TARGET = 14.4;
				MTL_ENABLE_DEBUG_INFO = NO;
				MTL_FAST_MATH = YES;
				SDKROOT = iphoneos;
				SWIFT_COMPILATION_MODE = wholemodule;
				SWIFT_OPTIMIZATION_LEVEL = "-O";
				VALIDATE_PRODUCT = YES;
			};
			name = Release;
		};
		04CEEEAE26E908C3005C4E6A /* Debug */ = {
			isa = XCBuildConfiguration;
			buildSettings = {
				ASSETCATALOG_COMPILER_APPICON_NAME = AppIcon;
				ASSETCATALOG_COMPILER_GLOBAL_ACCENT_COLOR_NAME = AccentColor;
				CODE_SIGN_STYLE = Automatic;
				DEVELOPMENT_TEAM = B2R83KT624;
				INFOPLIST_FILE = RPL_Features_IOS_Native/Info.plist;
				LD_RUNPATH_SEARCH_PATHS = (
					"$(inherited)",
					"@executable_path/Frameworks",
				);
				PRODUCT_BUNDLE_IDENTIFIER = "AT.RPL-Features-IOS-Native";
				PRODUCT_NAME = "$(TARGET_NAME)";
				SWIFT_VERSION = 5.0;
				TARGETED_DEVICE_FAMILY = "1,2";
			};
			name = Debug;
		};
		04CEEEAF26E908C3005C4E6A /* Release */ = {
			isa = XCBuildConfiguration;
			buildSettings = {
				ASSETCATALOG_COMPILER_APPICON_NAME = AppIcon;
				ASSETCATALOG_COMPILER_GLOBAL_ACCENT_COLOR_NAME = AccentColor;
				CODE_SIGN_STYLE = Automatic;
				DEVELOPMENT_TEAM = B2R83KT624;
				INFOPLIST_FILE = RPL_Features_IOS_Native/Info.plist;
				LD_RUNPATH_SEARCH_PATHS = (
					"$(inherited)",
					"@executable_path/Frameworks",
				);
				PRODUCT_BUNDLE_IDENTIFIER = "AT.RPL-Features-IOS-Native";
				PRODUCT_NAME = "$(TARGET_NAME)";
				SWIFT_VERSION = 5.0;
				TARGETED_DEVICE_FAMILY = "1,2";
			};
			name = Release;
		};
/* End XCBuildConfiguration section */

/* Begin XCConfigurationList section */
		04CEEE9426E908C0005C4E6A /* Build configuration list for PBXProject "RPL_Features_IOS_Native" */ = {
			isa = XCConfigurationList;
			buildConfigurations = (
				04CEEEAB26E908C3005C4E6A /* Debug */,
				04CEEEAC26E908C3005C4E6A /* Release */,
			);
			defaultConfigurationIsVisible = 0;
			defaultConfigurationName = Release;
		};
		04CEEEAD26E908C3005C4E6A /* Build configuration list for PBXNativeTarget "RPL_Features_IOS_Native" */ = {
			isa = XCConfigurationList;
			buildConfigurations = (
				04CEEEAE26E908C3005C4E6A /* Debug */,
				04CEEEAF26E908C3005C4E6A /* Release */,
			);
			defaultConfigurationIsVisible = 0;
			defaultConfigurationName = Release;
		};
/* End XCConfigurationList section */

/* Begin XCRemoteSwiftPackageReference section */
		04A55E082761DE500007F629 /* XCRemoteSwiftPackageReference "voice-overlay-ios" */ = {
			isa = XCRemoteSwiftPackageReference;
			repositoryURL = "https://github.com/algolia/voice-overlay-ios";
			requirement = {
				kind = upToNextMajorVersion;
				minimumVersion = 1.1.0;
			};
		};
/* End XCRemoteSwiftPackageReference section */

/* Begin XCSwiftPackageProductDependency section */
		04A55E092761DE500007F629 /* InstantSearchVoiceOverlay */ = {
			isa = XCSwiftPackageProductDependency;
			package = 04A55E082761DE500007F629 /* XCRemoteSwiftPackageReference "voice-overlay-ios" */;
			productName = InstantSearchVoiceOverlay;
		};
/* End XCSwiftPackageProductDependency section */
	};
	rootObject = 04CEEE9126E908C0005C4E6A /* Project object */;
}
